
Microsoft Visual Studio Solution File, Format Version 12.00
# Visual Studio Version 16
VisualStudioVersion = 16.0.31515.178
MinimumVisualStudioVersion = 10.0.40219.1
Project("{FAE04EC0-301F-11D3-BF4B-00C04F79EFBC}") = "odev-donguler", "odev-donguler\odev-donguler.csproj", "{1CE0AC05-7D65-4FAE-A903-534E0D529FBC}"
EndProject
Global
	GlobalSection(SolutionConfigurationPlatforms) = preSolution
		Debug|Any CPU = Debug|Any CPU
		Release|Any CPU = Release|Any CPU
	EndGlobalSection
	GlobalSection(ProjectConfigurationPlatforms) = postSolution
		{1CE0AC05-7D65-4FAE-A903-534E0D529FBC}.Debug|Any CPU.ActiveCfg = Debug|Any CPU
		{1CE0AC05-7D65-4FAE-A903-534E0D529FBC}.Debug|Any CPU.Build.0 = Debug|Any CPU
		{1CE0AC05-7D65-4FAE-A903-534E0D529FBC}.Release|Any CPU.ActiveCfg = Release|Any CPU
		{1CE0AC05-7D65-4FAE-A903-534E0D529FBC}.Release|Any CPU.Build.0 = Release|Any CPU
	EndGlobalSection
	GlobalSection(SolutionProperties) = preSolution
		HideSolutionNode = FALSE
	EndGlobalSection
	GlobalSection(ExtensibilityGlobals) = postSolution
		SolutionGuid = {85325AA2-A105-4477-8001-305679CEEFFF}
	EndGlobalSection
EndGlobal
